{
  "pins" : [
    {
      "identity" : "starscream",
      "kind" : "remoteSourceControl",
      "location" : "https://github.com/daltoniam/Starscream.git",
      "state" : {
        "branch" : "master",
        "revision" : "7723d1ec4ff32812759ead958fa61ad6ef406de8"
      }
    }
  ],
  "version" : 2
}
