<?xml version="1.0" encoding="UTF-8"?>
<Scheme
   LastUpgradeVersion = "1420"
   version = "1.3">
   <BuildAction
      parallelizeBuildables = "YES"
      buildImplicitDependencies = "YES">
      <BuildActionEntries>
         <BuildActionEntry
            buildForTesting = "YES"
            buildForRunning = "YES"
            buildForProfiling = "YES"
            buildForArchiving = "YES"
            buildForAnalyzing = "YES">
            <BuildableReference
               BuildableIdentifier = "primary"
               BlueprintIdentifier = "7AE3D26C2A7900630041603F"
               BuildableName = "AQX.app"
               BlueprintName = "AQX"
               ReferencedContainer = "container:AQX.xcodeproj">
            </BuildableReference>
         </BuildActionEntry>
      </BuildActionEntries>
   </BuildAction>
   <TestAction
      buildConfiguration = "Debug"
      selectedDebuggerIdentifier = "Xcode.DebuggerFoundation.Debugger.LLDB"
      selectedLauncherIdentifier = "Xcode.DebuggerFoundation.Launcher.LLDB"
      shouldUseLaunchSchemeArgsEnv = "YES"
      codeCoverageEnabled = "YES"
      onlyGenerateCoverageForSpecifiedTargets = "YES">
      <CodeCoverageTargets>
         <BuildableReference
            BuildableIdentifier = "primary"
            BlueprintIdentifier = "7A1051E72A926D1C007EF3DE"
            BuildableName = "AQXTradeDetailFeature.framework"
            BlueprintName = "AQXTradeDetailFeature"
            ReferencedContainer = "container:AQX.xcodeproj">
         </BuildableReference>
         <BuildableReference
            BuildableIdentifier = "primary"
            BlueprintIdentifier = "7ACF7AA52A92397E00A08D8F"
            BuildableName = "AssetFeature.framework"
            BlueprintName = "AssetFeature"
            ReferencedContainer = "container:AQX.xcodeproj">
         </BuildableReference>
         <BuildableReference
            BuildableIdentifier = "primary"
            BlueprintIdentifier = "7A56B2962AA1169D006D82F6"
            BuildableName = "Mock.framework"
            BlueprintName = "Mock"
            ReferencedContainer = "container:AQX.xcodeproj">
         </BuildableReference>
         <BuildableReference
            BuildableIdentifier = "primary"
            BlueprintIdentifier = "7A667F3C2A96434100873922"
            BuildableName = "Models.framework"
            BlueprintName = "Models"
            ReferencedContainer = "container:AQX.xcodeproj">
         </BuildableReference>
         <BuildableReference
            BuildableIdentifier = "primary"
            BlueprintIdentifier = "7A667EFA2A96367F00873922"
            BuildableName = "Service.framework"
            BlueprintName = "Service"
            ReferencedContainer = "container:AQX.xcodeproj">
         </BuildableReference>
         <BuildableReference
            BuildableIdentifier = "primary"
            BlueprintIdentifier = "7A667F612A96438600873922"
            BuildableName = "TabFeature.framework"
            BlueprintName = "TabFeature"
            ReferencedContainer = "container:AQX.xcodeproj">
         </BuildableReference>
         <BuildableReference
            BuildableIdentifier = "primary"
            BlueprintIdentifier = "7ACF7A832A92397300A08D8F"
            BuildableName = "TradeFeature.framework"
            BlueprintName = "TradeFeature"
            ReferencedContainer = "container:AQX.xcodeproj">
         </BuildableReference>
         <BuildableReference
            BuildableIdentifier = "primary"
            BlueprintIdentifier = "7ACF7A5D2A92394600A08D8F"
            BuildableName = "Utils.framework"
            BlueprintName = "Utils"
            ReferencedContainer = "container:AQX.xcodeproj">
         </BuildableReference>
      </CodeCoverageTargets>
      <Testables>
         <TestableReference
            skipped = "NO"
            parallelizable = "YES">
            <BuildableReference
               BuildableIdentifier = "primary"
               BlueprintIdentifier = "7ACF7A662A92394600A08D8F"
               BuildableName = "UtilsTests.xctest"
               BlueprintName = "UtilsTests"
               ReferencedContainer = "container:AQX.xcodeproj">
            </BuildableReference>
         </TestableReference>
         <TestableReference
            skipped = "NO"
            parallelizable = "YES">
            <BuildableReference
               BuildableIdentifier = "primary"
               BlueprintIdentifier = "7ACF7A8C2A92397300A08D8F"
               BuildableName = "TradeFeatureTests.xctest"
               BlueprintName = "TradeFeatureTests"
               ReferencedContainer = "container:AQX.xcodeproj">
            </BuildableReference>
         </TestableReference>
         <TestableReference
            skipped = "NO"
            parallelizable = "YES">
            <BuildableReference
               BuildableIdentifier = "primary"
               BlueprintIdentifier = "7ACF7AAE2A92397E00A08D8F"
               BuildableName = "AssetFeatureTests.xctest"
               BlueprintName = "AssetFeatureTests"
               ReferencedContainer = "container:AQX.xcodeproj">
            </BuildableReference>
         </TestableReference>
         <TestableReference
            skipped = "NO"
            parallelizable = "YES">
            <BuildableReference
               BuildableIdentifier = "primary"
               BlueprintIdentifier = "7A1051F02A926D1C007EF3DE"
               BuildableName = "AQXTradeDetailFeatureTests.xctest"
               BlueprintName = "AQXTradeDetailFeatureTests"
               ReferencedContainer = "container:AQX.xcodeproj">
            </BuildableReference>
         </TestableReference>
         <TestableReference
            skipped = "NO"
            parallelizable = "YES">
            <BuildableReference
               BuildableIdentifier = "primary"
               BlueprintIdentifier = "7A667F032A96367F00873922"
               BuildableName = "ServiceTests.xctest"
               BlueprintName = "ServiceTests"
               ReferencedContainer = "container:AQX.xcodeproj">
            </BuildableReference>
         </TestableReference>
         <TestableReference
            skipped = "NO"
            parallelizable = "YES">
            <BuildableReference
               BuildableIdentifier = "primary"
               BlueprintIdentifier = "7A667F452A96434100873922"
               BuildableName = "ModelsTests.xctest"
               BlueprintName = "ModelsTests"
               ReferencedContainer = "container:AQX.xcodeproj">
            </BuildableReference>
         </TestableReference>
         <TestableReference
            skipped = "NO"
            parallelizable = "YES">
            <BuildableReference
               BuildableIdentifier = "primary"
               BlueprintIdentifier = "7A667F6A2A96438600873922"
               BuildableName = "TabFeatureTests.xctest"
               BlueprintName = "TabFeatureTests"
               ReferencedContainer = "container:AQX.xcodeproj">
            </BuildableReference>
         </TestableReference>
         <TestableReference
            skipped = "NO"
            parallelizable = "YES">
            <BuildableReference
               BuildableIdentifier = "primary"
               BlueprintIdentifier = "7AFD7F542A98FF1300E9B705"
               BuildableName = "UmaStyleReduxTests.xctest"
               BlueprintName = "UmaStyleReduxTests"
               ReferencedContainer = "container:AQX.xcodeproj">
            </BuildableReference>
         </TestableReference>
         <TestableReference
            skipped = "NO"
            parallelizable = "YES">
            <BuildableReference
               BuildableIdentifier = "primary"
               BlueprintIdentifier = "7A87BD6C2AA223E10040020B"
               BuildableName = "RouterTests.xctest"
               BlueprintName = "RouterTests"
               ReferencedContainer = "container:AQX.xcodeproj">
            </BuildableReference>
         </TestableReference>
         <TestableReference
            skipped = "NO"
            parallelizable = "YES">
            <BuildableReference
               BuildableIdentifier = "primary"
               BlueprintIdentifier = "7A87BD912AA5F2CC0040020B"
               BuildableName = "SwiftUIImageCachKitTests.xctest"
               BlueprintName = "SwiftUIImageCachKitTests"
               ReferencedContainer = "container:AQX.xcodeproj">
            </BuildableReference>
         </TestableReference>
      </Testables>
   </TestAction>
   <LaunchAction
      buildConfiguration = "Debug"
      selectedDebuggerIdentifier = "Xcode.DebuggerFoundation.Debugger.LLDB"
      selectedLauncherIdentifier = "Xcode.DebuggerFoundation.Launcher.LLDB"
      launchStyle = "0"
      useCustomWorkingDirectory = "NO"
      ignoresPersistentStateOnLaunch = "NO"
      debugDocumentVersioning = "YES"
      debugServiceExtension = "internal"
      allowLocationSimulation = "YES">
      <BuildableProductRunnable
         runnableDebuggingMode = "0">
         <BuildableReference
            BuildableIdentifier = "primary"
            BlueprintIdentifier = "7AE3D26C2A7900630041603F"
            BuildableName = "AQX.app"
            BlueprintName = "AQX"
            ReferencedContainer = "container:AQX.xcodeproj">
         </BuildableReference>
      </BuildableProductRunnable>
   </LaunchAction>
   <ProfileAction
      buildConfiguration = "Release"
      shouldUseLaunchSchemeArgsEnv = "YES"
      savedToolIdentifier = ""
      useCustomWorkingDirectory = "NO"
      debugDocumentVersioning = "YES">
      <BuildableProductRunnable
         runnableDebuggingMode = "0">
         <BuildableReference
            BuildableIdentifier = "primary"
            BlueprintIdentifier = "7AE3D26C2A7900630041603F"
            BuildableName = "AQX.app"
            BlueprintName = "AQX"
            ReferencedContainer = "container:AQX.xcodeproj">
         </BuildableReference>
      </BuildableProductRunnable>
   </ProfileAction>
   <AnalyzeAction
      buildConfiguration = "Debug">
   </AnalyzeAction>
   <ArchiveAction
      buildConfiguration = "Release"
      revealArchiveInOrganizer = "YES">
   </ArchiveAction>
</Scheme>
